
Microsoft Visual Studio Solution File, Format Version 12.00
# Visual Studio Version 17
VisualStudioVersion = 17.14.37502.11 d17.14
MinimumVisualStudioVersion = 10.0.40219.1
Project("{FAE04EC0-301F-11D3-BF4B-00C04F79EFBC}") = "MacroApp", "MacroApp\MacroApp.csproj", "{0E6DD97F-429C-4C9B-98F8-E48239414121}"
EndProject
Global
	GlobalSection(SolutionConfigurationPlatforms) = preSolution
		Debug|Any CPU = Debug|Any CPU
		Release|Any CPU = Release|Any CPU
	EndGlobalSection
	GlobalSection(ProjectConfigurationPlatforms) = postSolution
		{0E6DD97F-429C-4C9B-98F8-E48239414121}.Debug|Any CPU.ActiveCfg = Debug|Any CPU
		{0E6DD97F-429C-4C9B-98F8-E48239414121}.Debug|Any CPU.Build.0 = Debug|Any CPU
		{0E6DD97F-429C-4C9B-98F8-E48239414121}.Release|Any CPU.ActiveCfg = Release|Any CPU
		{0E6DD97F-429C-4C9B-98F8-E48239414121}.Release|Any CPU.Build.0 = Release|Any CPU
	EndGlobalSection
	GlobalSection(SolutionProperties) = preSolution
		HideSolutionNode = FALSE
	EndGlobalSection
	GlobalSection(ExtensibilityGlobals) = postSolution
		SolutionGuid = {011BD18A-B4C0-46EB-8BDC-D2BF1D375F81}
	EndGlobalSection
EndGlobal
